// !$*UTF8*$!
{
	archiveVersion = 1;
	classes = {
	};
	objectVersion = 55;
	objects = {

/* Begin PBXBuildFile section */
		635963A4283C058D000F7890 /* FetchPrayerTime.swift in Sources */ = {isa = PBXBuildFile; fileRef = 635963A3283C058D000F7890 /* FetchPrayerTime.swift */; };
		63D519B62821982100286550 /* MultipleSelectionView.swift in Sources */ = {isa = PBXBuildFile; fileRef = 63D519B52821982100286550 /* MultipleSelectionView.swift */; };
		63DC11A927E7A5F600946391 /* MuminApp.swift in Sources */ = {isa = PBXBuildFile; fileRef = 63DC11A827E7A5F600946391 /* MuminApp.swift */; };
		63DC11AB27E7A5F600946391 /* ContentView.swift in Sources */ = {isa = PBXBuildFile; fileRef = 63DC11AA27E7A5F600946391 /* ContentView.swift */; };
		63DC11AD27E7A5FE00946391 /* Assets.xcassets in Resources */ = {isa = PBXBuildFile; fileRef = 63DC11AC27E7A5FE00946391 /* Assets.xcassets */; };
		63DC11B027E7A5FE00946391 /* Preview Assets.xcassets in Resources */ = {isa = PBXBuildFile; fileRef = 63DC11AF27E7A5FE00946391 /* Preview Assets.xcassets */; };
		63DC11BA27E7B46400946391 /* ClockView.swift in Sources */ = {isa = PBXBuildFile; fileRef = 63DC11B927E7B46400946391 /* ClockView.swift */; };
		63F59DB3283CDDDC00B4903D /* FileManager.swift in Sources */ = {isa = PBXBuildFile; fileRef = 63F59DB2283CDDDC00B4903D /* FileManager.swift */; };
		63F59DB5283D0A3E00B4903D /* PrayerTimeModal.swift in Sources */ = {isa = PBXBuildFile; fileRef = 63F59DB4283D0A3E00B4903D /* PrayerTimeModal.swift */; };
/* End PBXBuildFile section */

/* Begin PBXFileReference section */
		635963A3283C058D000F7890 /* FetchPrayerTime.swift */ = {isa = PBXFileReference; lastKnownFileType = sourcecode.swift; path = FetchPrayerTime.swift; sourceTree = "<group>"; };
		63D519B52821982100286550 /* MultipleSelectionView.swift */ = {isa = PBXFileReference; lastKnownFileType = sourcecode.swift; path = MultipleSelectionView.swift; sourceTree = "<group>"; };
		63DC11A527E7A5F600946391 /* Mumin.app */ = {isa = PBXFileReference; explicitFileType = wrapper.application; includeInIndex = 0; path = Mumin.app; sourceTree = BUILT_PRODUCTS_DIR; };
		63DC11A827E7A5F600946391 /* MuminApp.swift */ = {isa = PBXFileReference; lastKnownFileType = sourcecode.swift; path = MuminApp.swift; sourceTree = "<group>"; };
		63DC11AA27E7A5F600946391 /* ContentView.swift */ = {isa = PBXFileReference; lastKnownFileType = sourcecode.swift; path = ContentView.swift; sourceTree = "<group>"; };
		63DC11AC27E7A5FE00946391 /* Assets.xcassets */ = {isa = PBXFileReference; lastKnownFileType = folder.assetcatalog; path = Assets.xcassets; sourceTree = "<group>"; };
		63DC11AF27E7A5FE00946391 /* Preview Assets.xcassets */ = {isa = PBXFileReference; lastKnownFileType = folder.assetcatalog; path = "Preview Assets.xcassets"; sourceTree = "<group>"; };
		63DC11B927E7B46400946391 /* ClockView.swift */ = {isa = PBXFileReference; lastKnownFileType = sourcecode.swift; path = ClockView.swift; sourceTree = "<group>"; };
		63F59DB2283CDDDC00B4903D /* FileManager.swift */ = {isa = PBXFileReference; lastKnownFileType = sourcecode.swift; path = FileManager.swift; sourceTree = "<group>"; };
		63F59DB4283D0A3E00B4903D /* PrayerTimeModal.swift */ = {isa = PBXFileReference; lastKnownFileType = sourcecode.swift; path = PrayerTimeModal.swift; sourceTree = "<group>"; };
/* End PBXFileReference section */

/* Begin PBXFrameworksBuildPhase section */
		63DC11A227E7A5F600946391 /* Frameworks */ = {
			isa = PBXFrameworksBuildPhase;
			buildActionMask = 2147483647;
			files = (
			);
			runOnlyForDeploymentPostprocessing = 0;
		};
/* End PBXFrameworksBuildPhase section */

/* Begin PBXGroup section */
		63AFABCF283B99B600A22F41 /* Modals */ = {
			isa = PBXGroup;
			children = (
				635963A3283C058D000F7890 /* FetchPrayerTime.swift */,
				63F59DB4283D0A3E00B4903D /* PrayerTimeModal.swift */,
			);
			path = Modals;
			sourceTree = "<group>";
		};
		63DC119C27E7A5F600946391 = {
			isa = PBXGroup;
			children = (
				63DC11A727E7A5F600946391 /* Mumin */,
				63DC11A627E7A5F600946391 /* Products */,
			);
			sourceTree = "<group>";
		};
		63DC11A627E7A5F600946391 /* Products */ = {
			isa = PBXGroup;
			children = (
				63DC11A527E7A5F600946391 /* Mumin.app */,
			);
			name = Products;
			sourceTree = "<group>";
		};
		63DC11A727E7A5F600946391 /* Mumin */ = {
			isa = PBXGroup;
			children = (
				63F59DB1283CDDCC00B4903D /* Sources */,
				63AFABCF283B99B600A22F41 /* Modals */,
				63DC11A827E7A5F600946391 /* MuminApp.swift */,
				63DC11B627E7B41E00946391 /* Views */,
				63DC11AC27E7A5FE00946391 /* Assets.xcassets */,
				63DC11AE27E7A5FE00946391 /* Preview Content */,
			);
			path = Mumin;
			sourceTree = "<group>";
		};
		63DC11AE27E7A5FE00946391 /* Preview Content */ = {
			isa = PBXGroup;
			children = (
				63DC11AF27E7A5FE00946391 /* Preview Assets.xcassets */,
			);
			path = "Preview Content";
			sourceTree = "<group>";
		};
		63DC11B627E7B41E00946391 /* Views */ = {
			isa = PBXGroup;
			children = (
				63DC11AA27E7A5F600946391 /* ContentView.swift */,
				63DC11B927E7B46400946391 /* ClockView.swift */,
				63D519B52821982100286550 /* MultipleSelectionView.swift */,
			);
			path = Views;
			sourceTree = "<group>";
		};
		63F59DB1283CDDCC00B4903D /* Sources */ = {
			isa = PBXGroup;
			children = (
				63F59DB2283CDDDC00B4903D /* FileManager.swift */,
			);
			path = Sources;
			sourceTree = "<group>";
		};
/* End PBXGroup section */

/* Begin PBXNativeTarget section */
		63DC11A427E7A5F600946391 /* Mumin */ = {
			isa = PBXNativeTarget;
			buildConfigurationList = 63DC11B327E7A5FE00946391 /* Build configuration list for PBXNativeTarget "Mumin" */;
			buildPhases = (
				63DC11A127E7A5F600946391 /* Sources */,
				63DC11A227E7A5F600946391 /* Frameworks */,
				63DC11A327E7A5F600946391 /* Resources */,
			);
			buildRules = (
			);
			dependencies = (
			);
			name = Mumin;
			productName = Mumin;
			productReference = 63DC11A527E7A5F600946391 /* Mumin.app */;
			productType = "com.apple.product-type.application";
		};
/* End PBXNativeTarget section */

/* Begin PBXProject section */
		63DC119D27E7A5F600946391 /* Project object */ = {
			isa = PBXProject;
			attributes = {
				BuildIndependentTargetsInParallel = 1;
				LastSwiftUpdateCheck = 1300;
				LastUpgradeCheck = 1300;
				TargetAttributes = {
					63DC11A427E7A5F600946391 = {
						CreatedOnToolsVersion = 13.0;
					};
				};
			};
			buildConfigurationList = 63DC11A027E7A5F600946391 /* Build configuration list for PBXProject "Mumin" */;
			compatibilityVersion = "Xcode 13.0";
			developmentRegion = en;
			hasScannedForEncodings = 0;
			knownRegions = (
				en,
				Base,
			);
			mainGroup = 63DC119C27E7A5F600946391;
			productRefGroup = 63DC11A627E7A5F600946391 /* Products */;
			projectDirPath = "";
			projectRoot = "";
			targets = (
				63DC11A427E7A5F600946391 /* Mumin */,
			);
		};
/* End PBXProject section */

/* Begin PBXResourcesBuildPhase section */
		63DC11A327E7A5F600946391 /* Resources */ = {
			isa = PBXResourcesBuildPhase;
			buildActionMask = 2147483647;
			files = (
				63DC11B027E7A5FE00946391 /* Preview Assets.xcassets in Resources */,
				63DC11AD27E7A5FE00946391 /* Assets.xcassets in Resources */,
			);
			runOnlyForDeploymentPostprocessing = 0;
		};
/* End PBXResourcesBuildPhase section */

/* Begin PBXSourcesBuildPhase section */
		63DC11A127E7A5F600946391 /* Sources */ = {
			isa = PBXSourcesBuildPhase;
			buildActionMask = 2147483647;
			files = (
				63DC11AB27E7A5F600946391 /* ContentView.swift in Sources */,
				63DC11BA27E7B46400946391 /* ClockView.swift in Sources */,
				63F59DB5283D0A3E00B4903D /* PrayerTimeModal.swift in Sources */,
				63DC11A927E7A5F600946391 /* MuminApp.swift in Sources */,
				63F59DB3283CDDDC00B4903D /* FileManager.swift in Sources */,
				63D519B62821982100286550 /* MultipleSelectionView.swift in Sources */,
				635963A4283C058D000F7890 /* FetchPrayerTime.swift in Sources */,
			);
			runOnlyForDeploymentPostprocessing = 0;
		};
/* End PBXSourcesBuildPhase section */

/* Begin XCBuildConfiguration section */
		63DC11B127E7A5FE00946391 /* Debug */ = {
			isa = XCBuildConfiguration;
			buildSettings = {
				ALWAYS_SEARCH_USER_PATHS = NO;
				CLANG_ANALYZER_NONNULL = YES;
				CLANG_ANALYZER_NUMBER_OBJECT_CONVERSION = YES_AGGRESSIVE;
				CLANG_CXX_LANGUAGE_STANDARD = "gnu++17";
				CLANG_CXX_LIBRARY = "libc++";
				CLANG_ENABLE_MODULES = YES;
				CLANG_ENABLE_OBJC_ARC = YES;
				CLANG_ENABLE_OBJC_WEAK = YES;
				CLANG_WARN_BLOCK_CAPTURE_AUTORELEASING = YES;
				CLANG_WARN_BOOL_CONVERSION = YES;
				CLANG_WARN_COMMA = YES;
				CLANG_WARN_CONSTANT_CONVERSION = YES;
				CLANG_WARN_DEPRECATED_OBJC_IMPLEMENTATIONS = YES;
				CLANG_WARN_DIRECT_OBJC_ISA_USAGE = YES_ERROR;
				CLANG_WARN_DOCUMENTATION_COMMENTS = YES;
				CLANG_WARN_EMPTY_BODY = YES;
				CLANG_WARN_ENUM_CONVERSION = YES;
				CLANG_WARN_INFINITE_RECURSION = YES;
				CLANG_WARN_INT_CONVERSION = YES;
				CLANG_WARN_NON_LITERAL_NULL_CONVERSION = YES;
				CLANG_WARN_OBJC_IMPLICIT_RETAIN_SELF = YES;
				CLANG_WARN_OBJC_LITERAL_CONVERSION = YES;
				CLANG_WARN_OBJC_ROOT_CLASS = YES_ERROR;
				CLANG_WARN_QUOTED_INCLUDE_IN_FRAMEWORK_HEADER = YES;
				CLANG_WARN_RANGE_LOOP_ANALYSIS = YES;
				CLANG_WARN_STRICT_PROTOTYPES = YES;
				CLANG_WARN_SUSPICIOUS_MOVE = YES;
				CLANG_WARN_UNGUARDED_AVAILABILITY = YES_AGGRESSIVE;
				CLANG_WARN_UNREACHABLE_CODE = YES;
				CLANG_WARN__DUPLICATE_METHOD_MATCH = YES;
				COPY_PHASE_STRIP = NO;
				DEBUG_INFORMATION_FORMAT = dwarf;
				ENABLE_STRICT_OBJC_MSGSEND = YES;
				ENABLE_TESTABILITY = YES;
				GCC_C_LANGUAGE_STANDARD = gnu11;
				GCC_DYNAMIC_NO_PIC = NO;
				GCC_NO_COMMON_BLOCKS = YES;
				GCC_OPTIMIZATION_LEVEL = 0;
				GCC_PREPROCESSOR_DEFINITIONS = (
					"DEBUG=1",
					"$(inherited)",
				);
				GCC_WARN_64_TO_32_BIT_CONVERSION = YES;
				GCC_WARN_ABOUT_RETURN_TYPE = YES_ERROR;
				GCC_WARN_UNDECLARED_SELECTOR = YES;
				GCC_WARN_UNINITIALIZED_AUTOS = YES_AGGRESSIVE;
				GCC_WARN_UNUSED_FUNCTION = YES;
				GCC_WARN_UNUSED_VARIABLE = YES;
				IPHONEOS_DEPLOYMENT_TARGET = 15.0;
				MTL_ENABLE_DEBUG_INFO = INCLUDE_SOURCE;
				MTL_FAST_MATH = YES;
				ONLY_ACTIVE_ARCH = YES;
				SDKROOT = iphoneos;
				SWIFT_ACTIVE_COMPILATION_CONDITIONS = DEBUG;
				SWIFT_OPTIMIZATION_LEVEL = "-Onone";
			};
			name = Debug;
		};
		63DC11B227E7A5FE00946391 /* Release */ = {
			isa = XCBuildConfiguration;
			buildSettings = {
				ALWAYS_SEARCH_USER_PATHS = NO;
				CLANG_ANALYZER_NONNULL = YES;
				CLANG_ANALYZER_NUMBER_OBJECT_CONVERSION = YES_AGGRESSIVE;
				CLANG_CXX_LANGUAGE_STANDARD = "gnu++17";
				CLANG_CXX_LIBRARY = "libc++";
				CLANG_ENABLE_MODULES = YES;
				CLANG_ENABLE_OBJC_ARC = YES;
				CLANG_ENABLE_OBJC_WEAK = YES;
				CLANG_WARN_BLOCK_CAPTURE_AUTORELEASING = YES;
				CLANG_WARN_BOOL_CONVERSION = YES;
				CLANG_WARN_COMMA = YES;
				CLANG_WARN_CONSTANT_CONVERSION = YES;
				CLANG_WARN_DEPRECATED_OBJC_IMPLEMENTATIONS = YES;
				CLANG_WARN_DIRECT_OBJC_ISA_USAGE = YES_ERROR;
				CLANG_WARN_DOCUMENTATION_COMMENTS = YES;
				CLANG_WARN_EMPTY_BODY = YES;
				CLANG_WARN_ENUM_CONVERSION = YES;
				CLANG_WARN_INFINITE_RECURSION = YES;
				CLANG_WARN_INT_CONVERSION = YES;
				CLANG_WARN_NON_LITERAL_NULL_CONVERSION = YES;
				CLANG_WARN_OBJC_IMPLICIT_RETAIN_SELF = YES;
				CLANG_WARN_OBJC_LITERAL_CONVERSION = YES;
				CLANG_WARN_OBJC_ROOT_CLASS = YES_ERROR;
				CLANG_WARN_QUOTED_INCLUDE_IN_FRAMEWORK_HEADER = YES;
				CLANG_WARN_RANGE_LOOP_ANALYSIS = YES;
				CLANG_WARN_STRICT_PROTOTYPES = YES;
				CLANG_WARN_SUSPICIOUS_MOVE = YES;
				CLANG_WARN_UNGUARDED_AVAILABILITY = YES_AGGRESSIVE;
				CLANG_WARN_UNREACHABLE_CODE = YES;
				CLANG_WARN__DUPLICATE_METHOD_MATCH = YES;
				COPY_PHASE_STRIP = NO;
				DEBUG_INFORMATION_FORMAT = "dwarf-with-dsym";
				ENABLE_NS_ASSERTIONS = NO;
				ENABLE_STRICT_OBJC_MSGSEND = YES;
				GCC_C_LANGUAGE_STANDARD = gnu11;
				GCC_NO_COMMON_BLOCKS = YES;
				GCC_WARN_64_TO_32_BIT_CONVERSION = YES;
				GCC_WARN_ABOUT_RETURN_TYPE = YES_ERROR;
				GCC_WARN_UNDECLARED_SELECTOR = YES;
				GCC_WARN_UNINITIALIZED_AUTOS = YES_AGGRESSIVE;
				GCC_WARN_UNUSED_FUNCTION = YES;
				GCC_WARN_UNUSED_VARIABLE = YES;
				IPHONEOS_DEPLOYMENT_TARGET = 15.0;
				MTL_ENABLE_DEBUG_INFO = NO;
				MTL_FAST_MATH = YES;
				SDKROOT = iphoneos;
				SWIFT_COMPILATION_MODE = wholemodule;
				SWIFT_OPTIMIZATION_LEVEL = "-O";
				VALIDATE_PRODUCT = YES;
			};
			name = Release;
		};
		63DC11B427E7A5FE00946391 /* Debug */ = {
			isa = XCBuildConfiguration;
			buildSettings = {
				ASSETCATALOG_COMPILER_APPICON_NAME = AppIcon;
				ASSETCATALOG_COMPILER_GLOBAL_ACCENT_COLOR_NAME = AccentColor;
				CODE_SIGN_STYLE = Automatic;
				CURRENT_PROJECT_VERSION = 1;
				DEVELOPMENT_ASSET_PATHS = "\"Mumin/Preview Content\"";
				DEVELOPMENT_TEAM = DZKQDMND74;
				ENABLE_PREVIEWS = YES;
				GENERATE_INFOPLIST_FILE = YES;
				INFOPLIST_KEY_UIApplicationSceneManifest_Generation = YES;
				INFOPLIST_KEY_UIApplicationSupportsIndirectInputEvents = YES;
				INFOPLIST_KEY_UILaunchScreen_Generation = YES;
				INFOPLIST_KEY_UISupportedInterfaceOrientations_iPad = "UIInterfaceOrientationPortrait UIInterfaceOrientationPortraitUpsideDown UIInterfaceOrientationLandscapeLeft UIInterfaceOrientationLandscapeRight";
				INFOPLIST_KEY_UISupportedInterfaceOrientations_iPhone = "UIInterfaceOrientationPortrait UIInterfaceOrientationLandscapeLeft UIInterfaceOrientationLandscapeRight";
				IPHONEOS_DEPLOYMENT_TARGET = 15.0;
				LD_RUNPATH_SEARCH_PATHS = (
					"$(inherited)",
					"@executable_path/Frameworks",
				);
				MARKETING_VERSION = 1.0;
				PRODUCT_BUNDLE_IDENTIFIER = com.keskin.Mumin;
				PRODUCT_NAME = "$(TARGET_NAME)";
				SWIFT_EMIT_LOC_STRINGS = YES;
				SWIFT_VERSION = 5.0;
				TARGETED_DEVICE_FAMILY = "1,2";
			};
			name = Debug;
		};
		63DC11B527E7A5FE00946391 /* Release */ = {
			isa = XCBuildConfiguration;
			buildSettings = {
				ASSETCATALOG_COMPILER_APPICON_NAME = AppIcon;
				ASSETCATALOG_COMPILER_GLOBAL_ACCENT_COLOR_NAME = AccentColor;
				CODE_SIGN_STYLE = Automatic;
				CURRENT_PROJECT_VERSION = 1;
				DEVELOPMENT_ASSET_PATHS = "\"Mumin/Preview Content\"";
				DEVELOPMENT_TEAM = DZKQDMND74;
				ENABLE_PREVIEWS = YES;
				GENERATE_INFOPLIST_FILE = YES;
				INFOPLIST_KEY_UIApplicationSceneManifest_Generation = YES;
				INFOPLIST_KEY_UIApplicationSupportsIndirectInputEvents = YES;
				INFOPLIST_KEY_UILaunchScreen_Generation = YES;
				INFOPLIST_KEY_UISupportedInterfaceOrientations_iPad = "UIInterfaceOrientationPortrait UIInterfaceOrientationPortraitUpsideDown UIInterfaceOrientationLandscapeLeft UIInterfaceOrientationLandscapeRight";
				INFOPLIST_KEY_UISupportedInterfaceOrientations_iPhone = "UIInterfaceOrientationPortrait UIInterfaceOrientationLandscapeLeft UIInterfaceOrientationLandscapeRight";
				IPHONEOS_DEPLOYMENT_TARGET = 15.0;
				LD_RUNPATH_SEARCH_PATHS = (
					"$(inherited)",
					"@executable_path/Frameworks",
				);
				MARKETING_VERSION = 1.0;
				PRODUCT_BUNDLE_IDENTIFIER = com.keskin.Mumin;
				PRODUCT_NAME = "$(TARGET_NAME)";
				SWIFT_EMIT_LOC_STRINGS = YES;
				SWIFT_VERSION = 5.0;
				TARGETED_DEVICE_FAMILY = "1,2";
			};
			name = Release;
		};
/* End XCBuildConfiguration section */

/* Begin XCConfigurationList section */
		63DC11A027E7A5F600946391 /* Build configuration list for PBXProject "Mumin" */ = {
			isa = XCConfigurationList;
			buildConfigurations = (
				63DC11B127E7A5FE00946391 /* Debug */,
				63DC11B227E7A5FE00946391 /* Release */,
			);
			defaultConfigurationIsVisible = 0;
			defaultConfigurationName = Release;
		};
		63DC11B327E7A5FE00946391 /* Build configuration list for PBXNativeTarget "Mumin" */ = {
			isa = XCConfigurationList;
			buildConfigurations = (
				63DC11B427E7A5FE00946391 /* Debug */,
				63DC11B527E7A5FE00946391 /* Release */,
			);
			defaultConfigurationIsVisible = 0;
			defaultConfigurationName = Release;
		};
/* End XCConfigurationList section */
	};
	rootObject = 63DC119D27E7A5F600946391 /* Project object */;
}
